
Microsoft Visual Studio Solution File, Format Version 12.00
# Visual Studio Version 17
VisualStudioVersion = 17.0.31717.71
MinimumVisualStudioVersion = 10.0.40219.1
Project("{2150E333-8FDC-42A3-9474-1A3956D46DE8}") = "Microservices", "Microservices", "{B4C84761-4446-4B99-9472-0F8FD4E66501}"
EndProject
Project("{2150E333-8FDC-42A3-9474-1A3956D46DE8}") = "Infra.Bus", "Infra.Bus", "{96BA92E0-0DFB-49DA-8447-A90F15A80972}"
EndProject
Project("{2150E333-8FDC-42A3-9474-1A3956D46DE8}") = "Domain", "Domain", "{B7D32E64-88DB-4C31-95B9-9DC27BBE2AA5}"
EndProject
Project("{2150E333-8FDC-42A3-9474-1A3956D46DE8}") = "Infra.IoC", "Infra.IoC", "{02E0D337-10E1-4A81-8562-D973274EA7A2}"
EndProject
Project("{2150E333-8FDC-42A3-9474-1A3956D46DE8}") = "Presentation", "Presentation", "{984E7AD1-17CC-472C-B559-64A539A51F72}"
EndProject
Project("{9A19103F-16F7-4668-BE54-9A1E7A4F7556}") = "MicroRabbit.Domai.Core", "MicroRabbit.Domai.Core\MicroRabbit.Domai.Core.csproj", "{8C8FAEB1-616C-4194-93A1-7189845E4404}"
EndProject
Project("{9A19103F-16F7-4668-BE54-9A1E7A4F7556}") = "MicroRabbit.Infrastructure.Bus", "MicroRabbit.Infrastructure.Bus\MicroRabbit.Infrastructure.Bus.csproj", "{5B1DFBE3-9681-424D-A89E-8566D4D2DEE4}"
EndProject
Project("{FAE04EC0-301F-11D3-BF4B-00C04F79EFBC}") = "MicroRabbit.Infra.IoC", "MicroRabbit.Infra.IoC\MicroRabbit.Infra.IoC.csproj", "{5590D61D-220E-4628-866C-A36D0E6E8AED}"
EndProject
Project("{2150E333-8FDC-42A3-9474-1A3956D46DE8}") = "Banking", "Banking", "{6B8AD7FF-5C10-4204-8576-0F866FE00BB3}"
EndProject
Project("{2150E333-8FDC-42A3-9474-1A3956D46DE8}") = "Api", "Api", "{84DE5DC0-F155-47D3-88C4-2A1DE0D0803A}"
EndProject
Project("{2150E333-8FDC-42A3-9474-1A3956D46DE8}") = "Domain", "Domain", "{1DBE99EF-A14E-469C-9EC7-A9F242BD71A7}"
EndProject
Project("{2150E333-8FDC-42A3-9474-1A3956D46DE8}") = "Application", "Application", "{DE81C766-8F34-4BBC-9204-1FC416823390}"
EndProject
Project("{2150E333-8FDC-42A3-9474-1A3956D46DE8}") = "Data", "Data", "{B8C2F329-87D7-44A4-84EB-28ACE98E6FC1}"
EndProject
Project("{FAE04EC0-301F-11D3-BF4B-00C04F79EFBC}") = "MicroRabbit.Banking,Api", "MicroRabbit.Banking,Api\MicroRabbit.Banking,Api.csproj", "{6C5FEF69-3C6B-45E8-9E17-641AA64CFAC2}"
EndProject
Project("{FAE04EC0-301F-11D3-BF4B-00C04F79EFBC}") = "MicroRabbit.Banking.Application", "MicroRabbit.Banking.Application\MicroRabbit.Banking.Application.csproj", "{B06501E1-E185-43FA-8CF8-978E374CD838}"
EndProject
Project("{FAE04EC0-301F-11D3-BF4B-00C04F79EFBC}") = "MicroRabbit.Banking.Data", "MicroRabbit.Banking.Data\MicroRabbit.Banking.Data.csproj", "{3F487D19-913E-4EF3-83D6-D803833426A1}"
EndProject
Project("{FAE04EC0-301F-11D3-BF4B-00C04F79EFBC}") = "MicroRabbit.Banking.Domain", "MicroRabbit.Banking.Domain\MicroRabbit.Banking.Domain.csproj", "{52A50217-CC20-49C9-8795-4A0E28C71967}"
EndProject
Global
	GlobalSection(SolutionConfigurationPlatforms) = preSolution
		Debug|Any CPU = Debug|Any CPU
		Release|Any CPU = Release|Any CPU
	EndGlobalSection
	GlobalSection(ProjectConfigurationPlatforms) = postSolution
		{8C8FAEB1-616C-4194-93A1-7189845E4404}.Debug|Any CPU.ActiveCfg = Debug|Any CPU
		{8C8FAEB1-616C-4194-93A1-7189845E4404}.Debug|Any CPU.Build.0 = Debug|Any CPU
		{8C8FAEB1-616C-4194-93A1-7189845E4404}.Release|Any CPU.ActiveCfg = Release|Any CPU
		{8C8FAEB1-616C-4194-93A1-7189845E4404}.Release|Any CPU.Build.0 = Release|Any CPU
		{5B1DFBE3-9681-424D-A89E-8566D4D2DEE4}.Debug|Any CPU.ActiveCfg = Debug|Any CPU
		{5B1DFBE3-9681-424D-A89E-8566D4D2DEE4}.Debug|Any CPU.Build.0 = Debug|Any CPU
		{5B1DFBE3-9681-424D-A89E-8566D4D2DEE4}.Release|Any CPU.ActiveCfg = Release|Any CPU
		{5B1DFBE3-9681-424D-A89E-8566D4D2DEE4}.Release|Any CPU.Build.0 = Release|Any CPU
		{5590D61D-220E-4628-866C-A36D0E6E8AED}.Debug|Any CPU.ActiveCfg = Debug|Any CPU
		{5590D61D-220E-4628-866C-A36D0E6E8AED}.Debug|Any CPU.Build.0 = Debug|Any CPU
		{5590D61D-220E-4628-866C-A36D0E6E8AED}.Release|Any CPU.ActiveCfg = Release|Any CPU
		{5590D61D-220E-4628-866C-A36D0E6E8AED}.Release|Any CPU.Build.0 = Release|Any CPU
		{6C5FEF69-3C6B-45E8-9E17-641AA64CFAC2}.Debug|Any CPU.ActiveCfg = Debug|Any CPU
		{6C5FEF69-3C6B-45E8-9E17-641AA64CFAC2}.Debug|Any CPU.Build.0 = Debug|Any CPU
		{6C5FEF69-3C6B-45E8-9E17-641AA64CFAC2}.Release|Any CPU.ActiveCfg = Release|Any CPU
		{6C5FEF69-3C6B-45E8-9E17-641AA64CFAC2}.Release|Any CPU.Build.0 = Release|Any CPU
		{B06501E1-E185-43FA-8CF8-978E374CD838}.Debug|Any CPU.ActiveCfg = Debug|Any CPU
		{B06501E1-E185-43FA-8CF8-978E374CD838}.Debug|Any CPU.Build.0 = Debug|Any CPU
		{B06501E1-E185-43FA-8CF8-978E374CD838}.Release|Any CPU.ActiveCfg = Release|Any CPU
		{B06501E1-E185-43FA-8CF8-978E374CD838}.Release|Any CPU.Build.0 = Release|Any CPU
		{3F487D19-913E-4EF3-83D6-D803833426A1}.Debug|Any CPU.ActiveCfg = Debug|Any CPU
		{3F487D19-913E-4EF3-83D6-D803833426A1}.Debug|Any CPU.Build.0 = Debug|Any CPU
		{3F487D19-913E-4EF3-83D6-D803833426A1}.Release|Any CPU.ActiveCfg = Release|Any CPU
		{3F487D19-913E-4EF3-83D6-D803833426A1}.Release|Any CPU.Build.0 = Release|Any CPU
		{52A50217-CC20-49C9-8795-4A0E28C71967}.Debug|Any CPU.ActiveCfg = Debug|Any CPU
		{52A50217-CC20-49C9-8795-4A0E28C71967}.Debug|Any CPU.Build.0 = Debug|Any CPU
		{52A50217-CC20-49C9-8795-4A0E28C71967}.Release|Any CPU.ActiveCfg = Release|Any CPU
		{52A50217-CC20-49C9-8795-4A0E28C71967}.Release|Any CPU.Build.0 = Release|Any CPU
	EndGlobalSection
	GlobalSection(SolutionProperties) = preSolution
		HideSolutionNode = FALSE
	EndGlobalSection
	GlobalSection(NestedProjects) = preSolution
		{8C8FAEB1-616C-4194-93A1-7189845E4404} = {B7D32E64-88DB-4C31-95B9-9DC27BBE2AA5}
		{5B1DFBE3-9681-424D-A89E-8566D4D2DEE4} = {96BA92E0-0DFB-49DA-8447-A90F15A80972}
		{5590D61D-220E-4628-866C-A36D0E6E8AED} = {02E0D337-10E1-4A81-8562-D973274EA7A2}
		{6B8AD7FF-5C10-4204-8576-0F866FE00BB3} = {B4C84761-4446-4B99-9472-0F8FD4E66501}
		{84DE5DC0-F155-47D3-88C4-2A1DE0D0803A} = {6B8AD7FF-5C10-4204-8576-0F866FE00BB3}
		{1DBE99EF-A14E-469C-9EC7-A9F242BD71A7} = {6B8AD7FF-5C10-4204-8576-0F866FE00BB3}
		{DE81C766-8F34-4BBC-9204-1FC416823390} = {6B8AD7FF-5C10-4204-8576-0F866FE00BB3}
		{B8C2F329-87D7-44A4-84EB-28ACE98E6FC1} = {6B8AD7FF-5C10-4204-8576-0F866FE00BB3}
		{6C5FEF69-3C6B-45E8-9E17-641AA64CFAC2} = {84DE5DC0-F155-47D3-88C4-2A1DE0D0803A}
		{B06501E1-E185-43FA-8CF8-978E374CD838} = {DE81C766-8F34-4BBC-9204-1FC416823390}
		{3F487D19-913E-4EF3-83D6-D803833426A1} = {B8C2F329-87D7-44A4-84EB-28ACE98E6FC1}
		{52A50217-CC20-49C9-8795-4A0E28C71967} = {1DBE99EF-A14E-469C-9EC7-A9F242BD71A7}
	EndGlobalSection
	GlobalSection(ExtensibilityGlobals) = postSolution
		SolutionGuid = {8A9E53E2-D881-4487-9B01-CB875A639AB2}
	EndGlobalSection
EndGlobal
